// !$*UTF8*$!
{
	archiveVersion = 1;
	classes = {
	};
	objectVersion = 46;
	objects = {

/* Begin PBXBuildFile section */
		CB2DE90125D0B87D993ECA3D /* Pods_FBCollectionViewExample.framework in Frameworks */ = {isa = PBXBuildFile; fileRef = 319E18E6D5FEECDCE6E4A5D3 /* Pods_FBCollectionViewExample.framework */; };
		CCE3C3101DAF62F000D4CA70 /* main.m in Sources */ = {isa = PBXBuildFile; fileRef = CCE3C30F1DAF62F000D4CA70 /* main.m */; };
		CCE3C3131DAF62F000D4CA70 /* AppDelegate.m in Sources */ = {isa = PBXBuildFile; fileRef = CCE3C3121DAF62F000D4CA70 /* AppDelegate.m */; };
		CCE3C3161DAF62F000D4CA70 /* ViewController.m in Sources */ = {isa = PBXBuildFile; fileRef = CCE3C3151DAF62F000D4CA70 /* ViewController.m */; };
		CCE3C3191DAF62F100D4CA70 /* Main.storyboard in Resources */ = {isa = PBXBuildFile; fileRef = CCE3C3171DAF62F100D4CA70 /* Main.storyboard */; };
		CCE3C31B1DAF62F100D4CA70 /* Assets.xcassets in Resources */ = {isa = PBXBuildFile; fileRef = CCE3C31A1DAF62F100D4CA70 /* Assets.xcassets */; };
		CCE3C31E1DAF62F100D4CA70 /* LaunchScreen.storyboard in Resources */ = {isa = PBXBuildFile; fileRef = CCE3C31C1DAF62F100D4CA70 /* LaunchScreen.storyboard */; };
		CCE3C32E1DAF63D200D4CA70 /* SliderCell.m in Sources */ = {isa = PBXBuildFile; fileRef = CCE3C32A1DAF63D200D4CA70 /* SliderCell.m */; };
		CCE3C32F1DAF63D200D4CA70 /* SliderCell.xib in Resources */ = {isa = PBXBuildFile; fileRef = CCE3C32B1DAF63D200D4CA70 /* SliderCell.xib */; };
		CCE3C3341DAF67D700D4CA70 /* UIColor+Hexadecimal.m in Sources */ = {isa = PBXBuildFile; fileRef = CCE3C3331DAF67D700D4CA70 /* UIColor+Hexadecimal.m */; };
		CCE3C3391DAF694500D4CA70 /* DSPhotoCell.m in Sources */ = {isa = PBXBuildFile; fileRef = CCE3C3371DAF694500D4CA70 /* DSPhotoCell.m */; };
		CCE3C33A1DAF694500D4CA70 /* DSPhotoCell.xib in Resources */ = {isa = PBXBuildFile; fileRef = CCE3C3381DAF694500D4CA70 /* DSPhotoCell.xib */; };
		CCE3C3411DAF740000D4CA70 /* NSDictionary+NotNull.m in Sources */ = {isa = PBXBuildFile; fileRef = CCE3C33D1DAF740000D4CA70 /* NSDictionary+NotNull.m */; };
		CCE3C3421DAF740000D4CA70 /* NSDictionary+SafeExpectations.m in Sources */ = {isa = PBXBuildFile; fileRef = CCE3C33F1DAF740000D4CA70 /* NSDictionary+SafeExpectations.m */; };
		CCE3C3471DAF836000D4CA70 /* FBCollectionViewUtilityManager.m in Sources */ = {isa = PBXBuildFile; fileRef = CCE3C3461DAF836000D4CA70 /* FBCollectionViewUtilityManager.m */; };
		CCE3C34B1DAF88A500D4CA70 /* FTToastIndicator.m in Sources */ = {isa = PBXBuildFile; fileRef = CCE3C34A1DAF88A500D4CA70 /* FTToastIndicator.m */; };
		CCE7C9E11DB0F9A400C4EAA7 /* HPGrowingTextView.m in Sources */ = {isa = PBXBuildFile; fileRef = CCE7C9DE1DB0F9A400C4EAA7 /* HPGrowingTextView.m */; };
		CCE7C9E21DB0F9A400C4EAA7 /* HPTextViewInternal.m in Sources */ = {isa = PBXBuildFile; fileRef = CCE7C9E01DB0F9A400C4EAA7 /* HPTextViewInternal.m */; };
		CCE7C9E51DB0FA0300C4EAA7 /* DSCellDetail.m in Sources */ = {isa = PBXBuildFile; fileRef = CCE7C9E41DB0FA0300C4EAA7 /* DSCellDetail.m */; };
/* End PBXBuildFile section */

/* Begin PBXFileReference section */
		319E18E6D5FEECDCE6E4A5D3 /* Pods_FBCollectionViewExample.framework */ = {isa = PBXFileReference; explicitFileType = wrapper.framework; includeInIndex = 0; path = Pods_FBCollectionViewExample.framework; sourceTree = BUILT_PRODUCTS_DIR; };
		353D6569A64307D94192AC6A /* Pods-FBCollectionViewExample.release.xcconfig */ = {isa = PBXFileReference; includeInIndex = 1; lastKnownFileType = text.xcconfig; name = "Pods-FBCollectionViewExample.release.xcconfig"; path = "Pods/Target Support Files/Pods-FBCollectionViewExample/Pods-FBCollectionViewExample.release.xcconfig"; sourceTree = "<group>"; };
		982447D57BBFAA8E41D3709C /* Pods-FBCollectionViewExample.debug.xcconfig */ = {isa = PBXFileReference; includeInIndex = 1; lastKnownFileType = text.xcconfig; name = "Pods-FBCollectionViewExample.debug.xcconfig"; path = "Pods/Target Support Files/Pods-FBCollectionViewExample/Pods-FBCollectionViewExample.debug.xcconfig"; sourceTree = "<group>"; };
		CCE3C30B1DAF62F000D4CA70 /* FBCollectionViewExample.app */ = {isa = PBXFileReference; explicitFileType = wrapper.application; includeInIndex = 0; path = FBCollectionViewExample.app; sourceTree = BUILT_PRODUCTS_DIR; };
		CCE3C30F1DAF62F000D4CA70 /* main.m */ = {isa = PBXFileReference; lastKnownFileType = sourcecode.c.objc; path = main.m; sourceTree = "<group>"; };
		CCE3C3111DAF62F000D4CA70 /* AppDelegate.h */ = {isa = PBXFileReference; lastKnownFileType = sourcecode.c.h; path = AppDelegate.h; sourceTree = "<group>"; };
		CCE3C3121DAF62F000D4CA70 /* AppDelegate.m */ = {isa = PBXFileReference; lastKnownFileType = sourcecode.c.objc; path = AppDelegate.m; sourceTree = "<group>"; };
		CCE3C3141DAF62F000D4CA70 /* ViewController.h */ = {isa = PBXFileReference; lastKnownFileType = sourcecode.c.h; path = ViewController.h; sourceTree = "<group>"; };
		CCE3C3151DAF62F000D4CA70 /* ViewController.m */ = {isa = PBXFileReference; lastKnownFileType = sourcecode.c.objc; path = ViewController.m; sourceTree = "<group>"; };
		CCE3C3181DAF62F100D4CA70 /* Base */ = {isa = PBXFileReference; lastKnownFileType = file.storyboard; name = Base; path = Base.lproj/Main.storyboard; sourceTree = "<group>"; };
		CCE3C31A1DAF62F100D4CA70 /* Assets.xcassets */ = {isa = PBXFileReference; lastKnownFileType = folder.assetcatalog; path = Assets.xcassets; sourceTree = "<group>"; };
		CCE3C31D1DAF62F100D4CA70 /* Base */ = {isa = PBXFileReference; lastKnownFileType = file.storyboard; name = Base; path = Base.lproj/LaunchScreen.storyboard; sourceTree = "<group>"; };
		CCE3C31F1DAF62F100D4CA70 /* Info.plist */ = {isa = PBXFileReference; lastKnownFileType = text.plist.xml; path = Info.plist; sourceTree = "<group>"; };
		CCE3C3291DAF63D200D4CA70 /* SliderCell.h */ = {isa = PBXFileReference; fileEncoding = 4; lastKnownFileType = sourcecode.c.h; path = SliderCell.h; sourceTree = "<group>"; };
		CCE3C32A1DAF63D200D4CA70 /* SliderCell.m */ = {isa = PBXFileReference; fileEncoding = 4; lastKnownFileType = sourcecode.c.objc; path = SliderCell.m; sourceTree = "<group>"; };
		CCE3C32B1DAF63D200D4CA70 /* SliderCell.xib */ = {isa = PBXFileReference; fileEncoding = 4; lastKnownFileType = file.xib; path = SliderCell.xib; sourceTree = "<group>"; };
		CCE3C3321DAF67D700D4CA70 /* UIColor+Hexadecimal.h */ = {isa = PBXFileReference; fileEncoding = 4; lastKnownFileType = sourcecode.c.h; path = "UIColor+Hexadecimal.h"; sourceTree = "<group>"; };
		CCE3C3331DAF67D700D4CA70 /* UIColor+Hexadecimal.m */ = {isa = PBXFileReference; fileEncoding = 4; lastKnownFileType = sourcecode.c.objc; path = "UIColor+Hexadecimal.m"; sourceTree = "<group>"; };
		CCE3C3361DAF694500D4CA70 /* DSPhotoCell.h */ = {isa = PBXFileReference; fileEncoding = 4; lastKnownFileType = sourcecode.c.h; path = DSPhotoCell.h; sourceTree = "<group>"; };
		CCE3C3371DAF694500D4CA70 /* DSPhotoCell.m */ = {isa = PBXFileReference; fileEncoding = 4; lastKnownFileType = sourcecode.c.objc; path = DSPhotoCell.m; sourceTree = "<group>"; };
		CCE3C3381DAF694500D4CA70 /* DSPhotoCell.xib */ = {isa = PBXFileReference; fileEncoding = 4; lastKnownFileType = file.xib; path = DSPhotoCell.xib; sourceTree = "<group>"; };
		CCE3C33C1DAF740000D4CA70 /* NSDictionary+NotNull.h */ = {isa = PBXFileReference; fileEncoding = 4; lastKnownFileType = sourcecode.c.h; path = "NSDictionary+NotNull.h"; sourceTree = "<group>"; };
		CCE3C33D1DAF740000D4CA70 /* NSDictionary+NotNull.m */ = {isa = PBXFileReference; fileEncoding = 4; lastKnownFileType = sourcecode.c.objc; path = "NSDictionary+NotNull.m"; sourceTree = "<group>"; };
		CCE3C33E1DAF740000D4CA70 /* NSDictionary+SafeExpectations.h */ = {isa = PBXFileReference; fileEncoding = 4; lastKnownFileType = sourcecode.c.h; path = "NSDictionary+SafeExpectations.h"; sourceTree = "<group>"; };
		CCE3C33F1DAF740000D4CA70 /* NSDictionary+SafeExpectations.m */ = {isa = PBXFileReference; fileEncoding = 4; lastKnownFileType = sourcecode.c.objc; path = "NSDictionary+SafeExpectations.m"; sourceTree = "<group>"; };
		CCE3C3401DAF740000D4CA70 /* NSObject+SafeExpectations.h */ = {isa = PBXFileReference; fileEncoding = 4; lastKnownFileType = sourcecode.c.h; path = "NSObject+SafeExpectations.h"; sourceTree = "<group>"; };
		CCE3C3441DAF819200D4CA70 /* FBCollection-Prefix.pch */ = {isa = PBXFileReference; lastKnownFileType = sourcecode.c.h; path = "FBCollection-Prefix.pch"; sourceTree = "<group>"; };
		CCE3C3451DAF836000D4CA70 /* FBCollectionViewUtilityManager.h */ = {isa = PBXFileReference; fileEncoding = 4; lastKnownFileType = sourcecode.c.h; path = FBCollectionViewUtilityManager.h; sourceTree = "<group>"; };
		CCE3C3461DAF836000D4CA70 /* FBCollectionViewUtilityManager.m */ = {isa = PBXFileReference; fileEncoding = 4; lastKnownFileType = sourcecode.c.objc; path = FBCollectionViewUtilityManager.m; sourceTree = "<group>"; };
		CCE3C3491DAF88A500D4CA70 /* FTToastIndicator.h */ = {isa = PBXFileReference; fileEncoding = 4; lastKnownFileType = sourcecode.c.h; path = FTToastIndicator.h; sourceTree = "<group>"; };
		CCE3C34A1DAF88A500D4CA70 /* FTToastIndicator.m */ = {isa = PBXFileReference; fileEncoding = 4; lastKnownFileType = sourcecode.c.objc; path = FTToastIndicator.m; sourceTree = "<group>"; };
		CCE7C9DD1DB0F9A400C4EAA7 /* HPGrowingTextView.h */ = {isa = PBXFileReference; fileEncoding = 4; lastKnownFileType = sourcecode.c.h; path = HPGrowingTextView.h; sourceTree = "<group>"; };
		CCE7C9DE1DB0F9A400C4EAA7 /* HPGrowingTextView.m */ = {isa = PBXFileReference; fileEncoding = 4; lastKnownFileType = sourcecode.c.objc; path = HPGrowingTextView.m; sourceTree = "<group>"; };
		CCE7C9DF1DB0F9A400C4EAA7 /* HPTextViewInternal.h */ = {isa = PBXFileReference; fileEncoding = 4; lastKnownFileType = sourcecode.c.h; path = HPTextViewInternal.h; sourceTree = "<group>"; };
		CCE7C9E01DB0F9A400C4EAA7 /* HPTextViewInternal.m */ = {isa = PBXFileReference; fileEncoding = 4; lastKnownFileType = sourcecode.c.objc; path = HPTextViewInternal.m; sourceTree = "<group>"; };
		CCE7C9E31DB0FA0300C4EAA7 /* DSCellDetail.h */ = {isa = PBXFileReference; fileEncoding = 4; lastKnownFileType = sourcecode.c.h; path = DSCellDetail.h; sourceTree = "<group>"; };
		CCE7C9E41DB0FA0300C4EAA7 /* DSCellDetail.m */ = {isa = PBXFileReference; fileEncoding = 4; lastKnownFileType = sourcecode.c.objc; path = DSCellDetail.m; sourceTree = "<group>"; };
/* End PBXFileReference section */

/* Begin PBXFrameworksBuildPhase section */
		CCE3C3081DAF62F000D4CA70 /* Frameworks */ = {
			isa = PBXFrameworksBuildPhase;
			buildActionMask = 2147483647;
			files = (
				CB2DE90125D0B87D993ECA3D /* Pods_FBCollectionViewExample.framework in Frameworks */,
			);
			runOnlyForDeploymentPostprocessing = 0;
		};
/* End PBXFrameworksBuildPhase section */

/* Begin PBXGroup section */
		24FD3C5FFB27942F5129010E /* Pods */ = {
			isa = PBXGroup;
			children = (
				982447D57BBFAA8E41D3709C /* Pods-FBCollectionViewExample.debug.xcconfig */,
				353D6569A64307D94192AC6A /* Pods-FBCollectionViewExample.release.xcconfig */,
			);
			name = Pods;
			sourceTree = "<group>";
		};
		3546E0C18AF8684DE47732E9 /* Frameworks */ = {
			isa = PBXGroup;
			children = (
				319E18E6D5FEECDCE6E4A5D3 /* Pods_FBCollectionViewExample.framework */,
			);
			name = Frameworks;
			sourceTree = "<group>";
		};
		CCE3C3021DAF62EF00D4CA70 = {
			isa = PBXGroup;
			children = (
				CCE3C30D1DAF62F000D4CA70 /* FBCollectionViewExample */,
				CCE3C30C1DAF62F000D4CA70 /* Products */,
				24FD3C5FFB27942F5129010E /* Pods */,
				3546E0C18AF8684DE47732E9 /* Frameworks */,
			);
			sourceTree = "<group>";
		};
		CCE3C30C1DAF62F000D4CA70 /* Products */ = {
			isa = PBXGroup;
			children = (
				CCE3C30B1DAF62F000D4CA70 /* FBCollectionViewExample.app */,
			);
			name = Products;
			sourceTree = "<group>";
		};
		CCE3C30D1DAF62F000D4CA70 /* FBCollectionViewExample */ = {
			isa = PBXGroup;
			children = (
				CCE7C9DB1DB0F95300C4EAA7 /* cellDetails */,
				CCE3C3351DAF691400D4CA70 /* CustomTableViewCell */,
				CCE3C3251DAF63B900D4CA70 /* CustomCollectionViewCells */,
				CCE3C3111DAF62F000D4CA70 /* AppDelegate.h */,
				CCE3C3121DAF62F000D4CA70 /* AppDelegate.m */,
				CCE3C3141DAF62F000D4CA70 /* ViewController.h */,
				CCE3C3151DAF62F000D4CA70 /* ViewController.m */,
				CCE3C3171DAF62F100D4CA70 /* Main.storyboard */,
				CCE3C31A1DAF62F100D4CA70 /* Assets.xcassets */,
				CCE3C31C1DAF62F100D4CA70 /* LaunchScreen.storyboard */,
				CCE3C31F1DAF62F100D4CA70 /* Info.plist */,
				CCE3C30E1DAF62F000D4CA70 /* Supporting Files */,
			);
			path = FBCollectionViewExample;
			sourceTree = "<group>";
		};
		CCE3C30E1DAF62F000D4CA70 /* Supporting Files */ = {
			isa = PBXGroup;
			children = (
				CCE7C9DC1DB0F99000C4EAA7 /* hpGrowingTextView */,
				CCE3C3481DAF889700D4CA70 /* FTToastIndicator */,
				CCE3C33B1DAF73EE00D4CA70 /* safe Exceptions */,
				CCE3C3311DAF67C900D4CA70 /* HexColour Format */,
				CCE3C3301DAF678B00D4CA70 /* URBMediaFocus */,
				CCE3C30F1DAF62F000D4CA70 /* main.m */,
				CCE3C3441DAF819200D4CA70 /* FBCollection-Prefix.pch */,
				CCE3C3451DAF836000D4CA70 /* FBCollectionViewUtilityManager.h */,
				CCE3C3461DAF836000D4CA70 /* FBCollectionViewUtilityManager.m */,
			);
			name = "Supporting Files";
			sourceTree = "<group>";
		};
		CCE3C3251DAF63B900D4CA70 /* CustomCollectionViewCells */ = {
			isa = PBXGroup;
			children = (
				CCE3C3291DAF63D200D4CA70 /* SliderCell.h */,
				CCE3C32A1DAF63D200D4CA70 /* SliderCell.m */,
				CCE3C32B1DAF63D200D4CA70 /* SliderCell.xib */,
			);
			name = CustomCollectionViewCells;
			sourceTree = "<group>";
		};
		CCE3C3301DAF678B00D4CA70 /* URBMediaFocus */ = {
			isa = PBXGroup;
			children = (
			);
			name = URBMediaFocus;
			sourceTree = "<group>";
		};
		CCE3C3311DAF67C900D4CA70 /* HexColour Format */ = {
			isa = PBXGroup;
			children = (
				CCE3C3321DAF67D700D4CA70 /* UIColor+Hexadecimal.h */,
				CCE3C3331DAF67D700D4CA70 /* UIColor+Hexadecimal.m */,
			);
			name = "HexColour Format";
			sourceTree = "<group>";
		};
		CCE3C3351DAF691400D4CA70 /* CustomTableViewCell */ = {
			isa = PBXGroup;
			children = (
				CCE3C3361DAF694500D4CA70 /* DSPhotoCell.h */,
				CCE3C3371DAF694500D4CA70 /* DSPhotoCell.m */,
				CCE3C3381DAF694500D4CA70 /* DSPhotoCell.xib */,
			);
			name = CustomTableViewCell;
			sourceTree = "<group>";
		};
		CCE3C33B1DAF73EE00D4CA70 /* safe Exceptions */ = {
			isa = PBXGroup;
			children = (
				CCE3C33C1DAF740000D4CA70 /* NSDictionary+NotNull.h */,
				CCE3C33D1DAF740000D4CA70 /* NSDictionary+NotNull.m */,
				CCE3C33E1DAF740000D4CA70 /* NSDictionary+SafeExpectations.h */,
				CCE3C33F1DAF740000D4CA70 /* NSDictionary+SafeExpectations.m */,
				CCE3C3401DAF740000D4CA70 /* NSObject+SafeExpectations.h */,
			);
			name = "safe Exceptions";
			sourceTree = "<group>";
		};
		CCE3C3481DAF889700D4CA70 /* FTToastIndicator */ = {
			isa = PBXGroup;
			children = (
				CCE3C3491DAF88A500D4CA70 /* FTToastIndicator.h */,
				CCE3C34A1DAF88A500D4CA70 /* FTToastIndicator.m */,
			);
			name = FTToastIndicator;
			sourceTree = "<group>";
		};
		CCE7C9DB1DB0F95300C4EAA7 /* cellDetails */ = {
			isa = PBXGroup;
			children = (
				CCE7C9E31DB0FA0300C4EAA7 /* DSCellDetail.h */,
				CCE7C9E41DB0FA0300C4EAA7 /* DSCellDetail.m */,
			);
			name = cellDetails;
			sourceTree = "<group>";
		};
		CCE7C9DC1DB0F99000C4EAA7 /* hpGrowingTextView */ = {
			isa = PBXGroup;
			children = (
				CCE7C9DD1DB0F9A400C4EAA7 /* HPGrowingTextView.h */,
				CCE7C9DE1DB0F9A400C4EAA7 /* HPGrowingTextView.m */,
				CCE7C9DF1DB0F9A400C4EAA7 /* HPTextViewInternal.h */,
				CCE7C9E01DB0F9A400C4EAA7 /* HPTextViewInternal.m */,
			);
			name = hpGrowingTextView;
			sourceTree = "<group>";
		};
/* End PBXGroup section */

/* Begin PBXNativeTarget section */
		CCE3C30A1DAF62F000D4CA70 /* FBCollectionViewExample */ = {
			isa = PBXNativeTarget;
			buildConfigurationList = CCE3C3221DAF62F100D4CA70 /* Build configuration list for PBXNativeTarget "FBCollectionViewExample" */;
			buildPhases = (
				F3CDD584A75AD3E6A9012AB6 /* [CP] Check Pods Manifest.lock */,
				CCE3C3071DAF62F000D4CA70 /* Sources */,
				CCE3C3081DAF62F000D4CA70 /* Frameworks */,
				CCE3C3091DAF62F000D4CA70 /* Resources */,
				BC66890CF2764AA8483831CE /* [CP] Embed Pods Frameworks */,
				595BDDF2BFE46716BB4FB1F0 /* [CP] Copy Pods Resources */,
			);
			buildRules = (
			);
			dependencies = (
			);
			name = FBCollectionViewExample;
			productName = FBCollectionViewExample;
			productReference = CCE3C30B1DAF62F000D4CA70 /* FBCollectionViewExample.app */;
			productType = "com.apple.product-type.application";
		};
/* End PBXNativeTarget section */

/* Begin PBXProject section */
		CCE3C3031DAF62EF00D4CA70 /* Project object */ = {
			isa = PBXProject;
			attributes = {
				LastUpgradeCheck = 0800;
				ORGANIZATIONNAME = "Ruthwick S Rai";
				TargetAttributes = {
					CCE3C30A1DAF62F000D4CA70 = {
						CreatedOnToolsVersion = 8.0;
						DevelopmentTeam = 5C79GLKU9M;
						ProvisioningStyle = Automatic;
					};
				};
			};
			buildConfigurationList = CCE3C3061DAF62EF00D4CA70 /* Build configuration list for PBXProject "FBCollectionViewExample" */;
			compatibilityVersion = "Xcode 3.2";
			developmentRegion = English;
			hasScannedForEncodings = 0;
			knownRegions = (
				en,
				Base,
			);
			mainGroup = CCE3C3021DAF62EF00D4CA70;
			productRefGroup = CCE3C30C1DAF62F000D4CA70 /* Products */;
			projectDirPath = "";
			projectRoot = "";
			targets = (
				CCE3C30A1DAF62F000D4CA70 /* FBCollectionViewExample */,
			);
		};
/* End PBXProject section */

/* Begin PBXResourcesBuildPhase section */
		CCE3C3091DAF62F000D4CA70 /* Resources */ = {
			isa = PBXResourcesBuildPhase;
			buildActionMask = 2147483647;
			files = (
				CCE3C31E1DAF62F100D4CA70 /* LaunchScreen.storyboard in Resources */,
				CCE3C32F1DAF63D200D4CA70 /* SliderCell.xib in Resources */,
				CCE3C31B1DAF62F100D4CA70 /* Assets.xcassets in Resources */,
				CCE3C33A1DAF694500D4CA70 /* DSPhotoCell.xib in Resources */,
				CCE3C3191DAF62F100D4CA70 /* Main.storyboard in Resources */,
			);
			runOnlyForDeploymentPostprocessing = 0;
		};
/* End PBXResourcesBuildPhase section */

/* Begin PBXShellScriptBuildPhase section */
		595BDDF2BFE46716BB4FB1F0 /* [CP] Copy Pods Resources */ = {
			isa = PBXShellScriptBuildPhase;
			buildActionMask = 2147483647;
			files = (
			);
			inputPaths = (
			);
			name = "[CP] Copy Pods Resources";
			outputPaths = (
			);
			runOnlyForDeploymentPostprocessing = 0;
			shellPath = /bin/sh;
			shellScript = "\"${SRCROOT}/Pods/Target Support Files/Pods-FBCollectionViewExample/Pods-FBCollectionViewExample-resources.sh\"\n";
			showEnvVarsInLog = 0;
		};
		BC66890CF2764AA8483831CE /* [CP] Embed Pods Frameworks */ = {
			isa = PBXShellScriptBuildPhase;
			buildActionMask = 2147483647;
			files = (
			);
			inputPaths = (
			);
			name = "[CP] Embed Pods Frameworks";
			outputPaths = (
			);
			runOnlyForDeploymentPostprocessing = 0;
			shellPath = /bin/sh;
			shellScript = "\"${SRCROOT}/Pods/Target Support Files/Pods-FBCollectionViewExample/Pods-FBCollectionViewExample-frameworks.sh\"\n";
			showEnvVarsInLog = 0;
		};
		F3CDD584A75AD3E6A9012AB6 /* [CP] Check Pods Manifest.lock */ = {
			isa = PBXShellScriptBuildPhase;
			buildActionMask = 2147483647;
			files = (
			);
			inputPaths = (
			);
			name = "[CP] Check Pods Manifest.lock";
			outputPaths = (
			);
			runOnlyForDeploymentPostprocessing = 0;
			shellPath = /bin/sh;
			shellScript = "diff \"${PODS_ROOT}/../Podfile.lock\" \"${PODS_ROOT}/Manifest.lock\" > /dev/null\nif [[ $? != 0 ]] ; then\n    cat << EOM\nerror: The sandbox is not in sync with the Podfile.lock. Run 'pod install' or update your CocoaPods installation.\nEOM\n    exit 1\nfi\n";
			showEnvVarsInLog = 0;
		};
/* End PBXShellScriptBuildPhase section */

/* Begin PBXSourcesBuildPhase section */
		CCE3C3071DAF62F000D4CA70 /* Sources */ = {
			isa = PBXSourcesBuildPhase;
			buildActionMask = 2147483647;
			files = (
				CCE7C9E21DB0F9A400C4EAA7 /* HPTextViewInternal.m in Sources */,
				CCE3C3161DAF62F000D4CA70 /* ViewController.m in Sources */,
				CCE7C9E51DB0FA0300C4EAA7 /* DSCellDetail.m in Sources */,
				CCE3C3471DAF836000D4CA70 /* FBCollectionViewUtilityManager.m in Sources */,
				CCE3C3131DAF62F000D4CA70 /* AppDelegate.m in Sources */,
				CCE3C3421DAF740000D4CA70 /* NSDictionary+SafeExpectations.m in Sources */,
				CCE7C9E11DB0F9A400C4EAA7 /* HPGrowingTextView.m in Sources */,
				CCE3C3341DAF67D700D4CA70 /* UIColor+Hexadecimal.m in Sources */,
				CCE3C34B1DAF88A500D4CA70 /* FTToastIndicator.m in Sources */,
				CCE3C3411DAF740000D4CA70 /* NSDictionary+NotNull.m in Sources */,
				CCE3C3391DAF694500D4CA70 /* DSPhotoCell.m in Sources */,
				CCE3C3101DAF62F000D4CA70 /* main.m in Sources */,
				CCE3C32E1DAF63D200D4CA70 /* SliderCell.m in Sources */,
			);
			runOnlyForDeploymentPostprocessing = 0;
		};
/* End PBXSourcesBuildPhase section */

/* Begin PBXVariantGroup section */
		CCE3C3171DAF62F100D4CA70 /* Main.storyboard */ = {
			isa = PBXVariantGroup;
			children = (
				CCE3C3181DAF62F100D4CA70 /* Base */,
			);
			name = Main.storyboard;
			sourceTree = "<group>";
		};
		CCE3C31C1DAF62F100D4CA70 /* LaunchScreen.storyboard */ = {
			isa = PBXVariantGroup;
			children = (
				CCE3C31D1DAF62F100D4CA70 /* Base */,
			);
			name = LaunchScreen.storyboard;
			sourceTree = "<group>";
		};
/* End PBXVariantGroup section */

/* Begin XCBuildConfiguration section */
		CCE3C3201DAF62F100D4CA70 /* Debug */ = {
			isa = XCBuildConfiguration;
			buildSettings = {
				ALWAYS_SEARCH_USER_PATHS = NO;
				CLANG_ANALYZER_NONNULL = YES;
				CLANG_CXX_LANGUAGE_STANDARD = "gnu++0x";
				CLANG_CXX_LIBRARY = "libc++";
				CLANG_ENABLE_MODULES = YES;
				CLANG_ENABLE_OBJC_ARC = YES;
				CLANG_WARN_BOOL_CONVERSION = YES;
				CLANG_WARN_CONSTANT_CONVERSION = YES;
				CLANG_WARN_DIRECT_OBJC_ISA_USAGE = YES_ERROR;
				CLANG_WARN_DOCUMENTATION_COMMENTS = YES;
				CLANG_WARN_EMPTY_BODY = YES;
				CLANG_WARN_ENUM_CONVERSION = YES;
				CLANG_WARN_INFINITE_RECURSION = YES;
				CLANG_WARN_INT_CONVERSION = YES;
				CLANG_WARN_OBJC_ROOT_CLASS = YES_ERROR;
				CLANG_WARN_SUSPICIOUS_MOVE = YES;
				CLANG_WARN_SUSPICIOUS_MOVES = YES;
				CLANG_WARN_UNREACHABLE_CODE = YES;
				CLANG_WARN__DUPLICATE_METHOD_MATCH = YES;
				"CODE_SIGN_IDENTITY[sdk=iphoneos*]" = "iPhone Developer";
				COPY_PHASE_STRIP = NO;
				DEBUG_INFORMATION_FORMAT = dwarf;
				ENABLE_STRICT_OBJC_MSGSEND = YES;
				ENABLE_TESTABILITY = YES;
				GCC_C_LANGUAGE_STANDARD = gnu99;
				GCC_DYNAMIC_NO_PIC = NO;
				GCC_NO_COMMON_BLOCKS = YES;
				GCC_OPTIMIZATION_LEVEL = 0;
				GCC_PREFIX_HEADER = "$(SRCROOT)/FBCollectionViewExample/FBCollection-Prefix.pch";
				GCC_PREPROCESSOR_DEFINITIONS = (
					"DEBUG=1",
					"$(inherited)",
				);
				GCC_WARN_64_TO_32_BIT_CONVERSION = YES;
				GCC_WARN_ABOUT_RETURN_TYPE = YES_ERROR;
				GCC_WARN_UNDECLARED_SELECTOR = YES;
				GCC_WARN_UNINITIALIZED_AUTOS = YES_AGGRESSIVE;
				GCC_WARN_UNUSED_FUNCTION = YES;
				GCC_WARN_UNUSED_VARIABLE = YES;
				IPHONEOS_DEPLOYMENT_TARGET = 10.0;
				MTL_ENABLE_DEBUG_INFO = YES;
				ONLY_ACTIVE_ARCH = YES;
				SDKROOT = iphoneos;
				TARGETED_DEVICE_FAMILY = "1,2";
			};
			name = Debug;
		};
		CCE3C3211DAF62F100D4CA70 /* Release */ = {
			isa = XCBuildConfiguration;
			buildSettings = {
				ALWAYS_SEARCH_USER_PATHS = NO;
				CLANG_ANALYZER_NONNULL = YES;
				CLANG_CXX_LANGUAGE_STANDARD = "gnu++0x";
				CLANG_CXX_LIBRARY = "libc++";
				CLANG_ENABLE_MODULES = YES;
				CLANG_ENABLE_OBJC_ARC = YES;
				CLANG_WARN_BOOL_CONVERSION = YES;
				CLANG_WARN_CONSTANT_CONVERSION = YES;
				CLANG_WARN_DIRECT_OBJC_ISA_USAGE = YES_ERROR;
				CLANG_WARN_DOCUMENTATION_COMMENTS = YES;
				CLANG_WARN_EMPTY_BODY = YES;
				CLANG_WARN_ENUM_CONVERSION = YES;
				CLANG_WARN_INFINITE_RECURSION = YES;
				CLANG_WARN_INT_CONVERSION = YES;
				CLANG_WARN_OBJC_ROOT_CLASS = YES_ERROR;
				CLANG_WARN_SUSPICIOUS_MOVE = YES;
				CLANG_WARN_SUSPICIOUS_MOVES = YES;
				CLANG_WARN_UNREACHABLE_CODE = YES;
				CLANG_WARN__DUPLICATE_METHOD_MATCH = YES;
				"CODE_SIGN_IDENTITY[sdk=iphoneos*]" = "iPhone Developer";
				COPY_PHASE_STRIP = NO;
				DEBUG_INFORMATION_FORMAT = "dwarf-with-dsym";
				ENABLE_NS_ASSERTIONS = NO;
				ENABLE_STRICT_OBJC_MSGSEND = YES;
				GCC_C_LANGUAGE_STANDARD = gnu99;
				GCC_NO_COMMON_BLOCKS = YES;
				GCC_PREFIX_HEADER = "$(SRCROOT)/FBCollectionViewExample/FBCollection-Prefix.pch";
				GCC_WARN_64_TO_32_BIT_CONVERSION = YES;
				GCC_WARN_ABOUT_RETURN_TYPE = YES_ERROR;
				GCC_WARN_UNDECLARED_SELECTOR = YES;
				GCC_WARN_UNINITIALIZED_AUTOS = YES_AGGRESSIVE;
				GCC_WARN_UNUSED_FUNCTION = YES;
				GCC_WARN_UNUSED_VARIABLE = YES;
				IPHONEOS_DEPLOYMENT_TARGET = 10.0;
				MTL_ENABLE_DEBUG_INFO = NO;
				SDKROOT = iphoneos;
				TARGETED_DEVICE_FAMILY = "1,2";
				VALIDATE_PRODUCT = YES;
			};
			name = Release;
		};
		CCE3C3231DAF62F100D4CA70 /* Debug */ = {
			isa = XCBuildConfiguration;
			baseConfigurationReference = 982447D57BBFAA8E41D3709C /* Pods-FBCollectionViewExample.debug.xcconfig */;
			buildSettings = {
				ASSETCATALOG_COMPILER_APPICON_NAME = AppIcon;
				DEVELOPMENT_TEAM = 5C79GLKU9M;
				INFOPLIST_FILE = FBCollectionViewExample/Info.plist;
				LD_RUNPATH_SEARCH_PATHS = "$(inherited) @executable_path/Frameworks";
				PRODUCT_BUNDLE_IDENTIFIER = designString.FBCollectionViewExample;
				PRODUCT_NAME = "$(TARGET_NAME)";
			};
			name = Debug;
		};
		CCE3C3241DAF62F100D4CA70 /* Release */ = {
			isa = XCBuildConfiguration;
			baseConfigurationReference = 353D6569A64307D94192AC6A /* Pods-FBCollectionViewExample.release.xcconfig */;
			buildSettings = {
				ASSETCATALOG_COMPILER_APPICON_NAME = AppIcon;
				DEVELOPMENT_TEAM = 5C79GLKU9M;
				INFOPLIST_FILE = FBCollectionViewExample/Info.plist;
				LD_RUNPATH_SEARCH_PATHS = "$(inherited) @executable_path/Frameworks";
				PRODUCT_BUNDLE_IDENTIFIER = designString.FBCollectionViewExample;
				PRODUCT_NAME = "$(TARGET_NAME)";
			};
			name = Release;
		};
/* End XCBuildConfiguration section */

/* Begin XCConfigurationList section */
		CCE3C3061DAF62EF00D4CA70 /* Build configuration list for PBXProject "FBCollectionViewExample" */ = {
			isa = XCConfigurationList;
			buildConfigurations = (
				CCE3C3201DAF62F100D4CA70 /* Debug */,
				CCE3C3211DAF62F100D4CA70 /* Release */,
			);
			defaultConfigurationIsVisible = 0;
			defaultConfigurationName = Release;
		};
		CCE3C3221DAF62F100D4CA70 /* Build configuration list for PBXNativeTarget "FBCollectionViewExample" */ = {
			isa = XCConfigurationList;
			buildConfigurations = (
				CCE3C3231DAF62F100D4CA70 /* Debug */,
				CCE3C3241DAF62F100D4CA70 /* Release */,
			);
			defaultConfigurationIsVisible = 0;
			defaultConfigurationName = Release;
		};
/* End XCConfigurationList section */
	};
	rootObject = CCE3C3031DAF62EF00D4CA70 /* Project object */;
}
